lockfileVersion: '6.0'

settings:
  autoInstallPeers: true
  excludeLinksFromLockfile: false

dependencies:
  '@maicol07/inertia-mithril':
    specifier: ^1.0.3
    version: 1.0.3(mithril@2.2.2)
  '@maicol07/material-web-additions':
    specifier: ^1.2.16
    version: 1.2.16(@material/web@1.0.0-pre.12)
  '@material/mwc-snackbar':
    specifier: ^0.27.0
    version: 0.27.0
  '@material/web':
    specifier: 1.0.0-pre.12
    version: 1.0.0-pre.12
  '@mdi/js':
    specifier: ^7.2.96
    version: 7.2.96
  collect.js:
    specifier: ^4.36.1
    version: 4.36.1
  coloquent:
    specifier: 3.0.1-beta
    version: 3.0.1-beta
  dayjs:
    specifier: ^1.11.9
    version: 1.11.9
  lit:
    specifier: ^2.7.6
    version: 2.7.6
  mithril:
    specifier: ^2.2.2
    version: 2.2.2
  mithril-utilities:
    specifier: ^1.2.0
    version: 1.2.0(mithril@2.2.2)
  modern-normalize:
    specifier: ^2.0.0
    version: 2.0.0
  ts-pattern:
    specifier: ^5.0.4
    version: 5.0.4
  type-fest:
    specifier: ^4.0.0
    version: 4.0.0
  ziggy-js:
    specifier: ^1.6.0
    version: 1.6.0

devDependencies:
  '@types/mithril':
    specifier: ^2.0.12
    version: 2.0.12
  '@types/ziggy-js':
    specifier: ^1.3.2
    version: 1.3.2
  csstype:
    specifier: ^3.1.2
    version: 3.1.2
  laravel-vite-plugin:
    specifier: ^0.7.8
    version: 0.7.8(vite@4.4.6)
  sass:
    specifier: ^1.64.1
    version: 1.64.1
  typescript:
    specifier: ^5.1.6
    version: 5.1.6
  vite:
    specifier: ^4.4.6
    version: 4.4.6(sass@1.64.1)

packages:

  /@esbuild/android-arm64@0.18.15:
    resolution: {integrity: sha512-NI/gnWcMl2kXt1HJKOn2H69SYn4YNheKo6NZt1hyfKWdMbaGadxjZIkcj4Gjk/WPxnbFXs9/3HjGHaknCqjrww==}
    engines: {node: '>=12'}
    cpu: [arm64]
    os: [android]
    requiresBuild: true
    dev: true
    optional: true

  /@esbuild/android-arm@0.18.15:
    resolution: {integrity: sha512-wlkQBWb79/jeEEoRmrxt/yhn5T1lU236OCNpnfRzaCJHZ/5gf82uYx1qmADTBWE0AR/v7FiozE1auk2riyQd3w==}
    engines: {node: '>=12'}
    cpu: [arm]
    os: [android]
    requiresBuild: true
    dev: true
    optional: true

  /@esbuild/android-x64@0.18.15:
    resolution: {integrity: sha512-FM9NQamSaEm/IZIhegF76aiLnng1kEsZl2eve/emxDeReVfRuRNmvT28l6hoFD9TsCxpK+i4v8LPpEj74T7yjA==}
    engines: {node: '>=12'}
    cpu: [x64]
    os: [android]
    requiresBuild: true
    dev: true
    optional: true

  /@esbuild/darwin-arm64@0.18.15:
    resolution: {integrity: sha512-XmrFwEOYauKte9QjS6hz60FpOCnw4zaPAb7XV7O4lx1r39XjJhTN7ZpXqJh4sN6q60zbP6QwAVVA8N/wUyBH/w==}
    engines: {node: '>=12'}
    cpu: [arm64]
    os: [darwin]
    requiresBuild: true
    dev: true
    optional: true

  /@esbuild/darwin-x64@0.18.15:
    resolution: {integrity: sha512-bMqBmpw1e//7Fh5GLetSZaeo9zSC4/CMtrVFdj+bqKPGJuKyfNJ5Nf2m3LknKZTS+Q4oyPiON+v3eaJ59sLB5A==}
    engines: {node: '>=12'}
    cpu: [x64]
    os: [darwin]
    requiresBuild: true
    dev: true
    optional: true

  /@esbuild/freebsd-arm64@0.18.15:
    resolution: {integrity: sha512-LoTK5N3bOmNI9zVLCeTgnk5Rk0WdUTrr9dyDAQGVMrNTh9EAPuNwSTCgaKOKiDpverOa0htPcO9NwslSE5xuLA==}
    engines: {node: '>=12'}
    cpu: [arm64]
    os: [freebsd]
    requiresBuild: true
    dev: true
    optional: true

  /@esbuild/freebsd-x64@0.18.15:
    resolution: {integrity: sha512-62jX5n30VzgrjAjOk5orYeHFq6sqjvsIj1QesXvn5OZtdt5Gdj0vUNJy9NIpjfdNdqr76jjtzBJKf+h2uzYuTQ==}
    engines: {node: '>=12'}
    cpu: [x64]
    os: [freebsd]
    requiresBuild: true
    dev: true
    optional: true

  /@esbuild/linux-arm64@0.18.15:
    resolution: {integrity: sha512-BWncQeuWDgYv0jTNzJjaNgleduV4tMbQjmk/zpPh/lUdMcNEAxy+jvneDJ6RJkrqloG7tB9S9rCrtfk/kuplsQ==}
    engines: {node: '>=12'}
    cpu: [arm64]
    os: [linux]
    requiresBuild: true
    dev: true
    optional: true

  /@esbuild/linux-arm@0.18.15:
    resolution: {integrity: sha512-dT4URUv6ir45ZkBqhwZwyFV6cH61k8MttIwhThp2BGiVtagYvCToF+Bggyx2VI57RG4Fbt21f9TmXaYx0DeUJg==}
    engines: {node: '>=12'}
    cpu: [arm]
    os: [linux]
    requiresBuild: true
    dev: true
    optional: true

  /@esbuild/linux-ia32@0.18.15:
    resolution: {integrity: sha512-JPXORvgHRHITqfms1dWT/GbEY89u848dC08o0yK3fNskhp0t2TuNUnsrrSgOdH28ceb1hJuwyr8R/1RnyPwocw==}
    engines: {node: '>=12'}
    cpu: [ia32]
    os: [linux]
    requiresBuild: true
    dev: true
    optional: true

  /@esbuild/linux-loong64@0.18.15:
    resolution: {integrity: sha512-kArPI0DopjJCEplsVj/H+2Qgzz7vdFSacHNsgoAKpPS6W/Ndh8Oe24HRDQ5QCu4jHgN6XOtfFfLpRx3TXv/mEg==}
    engines: {node: '>=12'}
    cpu: [loong64]
    os: [linux]
    requiresBuild: true
    dev: true
    optional: true

  /@esbuild/linux-mips64el@0.18.15:
    resolution: {integrity: sha512-b/tmngUfO02E00c1XnNTw/0DmloKjb6XQeqxaYuzGwHe0fHVgx5/D6CWi+XH1DvkszjBUkK9BX7n1ARTOst59w==}
    engines: {node: '>=12'}
    cpu: [mips64el]
    os: [linux]
    requiresBuild: true
    dev: true
    optional: true

  /@esbuild/linux-ppc64@0.18.15:
    resolution: {integrity: sha512-KXPY69MWw79QJkyvUYb2ex/OgnN/8N/Aw5UDPlgoRtoEfcBqfeLodPr42UojV3NdkoO4u10NXQdamWm1YEzSKw==}
    engines: {node: '>=12'}
    cpu: [ppc64]
    os: [linux]
    requiresBuild: true
    dev: true
    optional: true

  /@esbuild/linux-riscv64@0.18.15:
    resolution: {integrity: sha512-komK3NEAeeGRnvFEjX1SfVg6EmkfIi5aKzevdvJqMydYr9N+pRQK0PGJXk+bhoPZwOUgLO4l99FZmLGk/L1jWg==}
    engines: {node: '>=12'}
    cpu: [riscv64]
    os: [linux]
    requiresBuild: true
    dev: true
    optional: true

  /@esbuild/linux-s390x@0.18.15:
    resolution: {integrity: sha512-632T5Ts6gQ2WiMLWRRyeflPAm44u2E/s/TJvn+BP6M5mnHSk93cieaypj3VSMYO2ePTCRqAFXtuYi1yv8uZJNA==}
    engines: {node: '>=12'}
    cpu: [s390x]
    os: [linux]
    requiresBuild: true
    dev: true
    optional: true

  /@esbuild/linux-x64@0.18.15:
    resolution: {integrity: sha512-MsHtX0NgvRHsoOtYkuxyk4Vkmvk3PLRWfA4okK7c+6dT0Fu4SUqXAr9y4Q3d8vUf1VWWb6YutpL4XNe400iQ1g==}
    engines: {node: '>=12'}
    cpu: [x64]
    os: [linux]
    requiresBuild: true
    dev: true
    optional: true

  /@esbuild/netbsd-x64@0.18.15:
    resolution: {integrity: sha512-djST6s+jQiwxMIVQ5rlt24JFIAr4uwUnzceuFL7BQT4CbrRtqBPueS4GjXSiIpmwVri1Icj/9pFRJ7/aScvT+A==}
    engines: {node: '>=12'}
    cpu: [x64]
    os: [netbsd]
    requiresBuild: true
    dev: true
    optional: true

  /@esbuild/openbsd-x64@0.18.15:
    resolution: {integrity: sha512-naeRhUIvhsgeounjkF5mvrNAVMGAm6EJWiabskeE5yOeBbLp7T89tAEw0j5Jm/CZAwyLe3c67zyCWH6fsBLCpw==}
    engines: {node: '>=12'}
    cpu: [x64]
    os: [openbsd]
    requiresBuild: true
    dev: true
    optional: true

  /@esbuild/sunos-x64@0.18.15:
    resolution: {integrity: sha512-qkT2+WxyKbNIKV1AEhI8QiSIgTHMcRctzSaa/I3kVgMS5dl3fOeoqkb7pW76KwxHoriImhx7Mg3TwN/auMDsyQ==}
    engines: {node: '>=12'}
    cpu: [x64]
    os: [sunos]
    requiresBuild: true
    dev: true
    optional: true

  /@esbuild/win32-arm64@0.18.15:
    resolution: {integrity: sha512-HC4/feP+pB2Vb+cMPUjAnFyERs+HJN7E6KaeBlFdBv799MhD+aPJlfi/yk36SED58J9TPwI8MAcVpJgej4ud0A==}
    engines: {node: '>=12'}
    cpu: [arm64]
    os: [win32]
    requiresBuild: true
    dev: true
    optional: true

  /@esbuild/win32-ia32@0.18.15:
    resolution: {integrity: sha512-ovjwoRXI+gf52EVF60u9sSDj7myPixPxqzD5CmkEUmvs+W9Xd0iqISVBQn8xcx4ciIaIVlWCuTbYDOXOnOL44Q==}
    engines: {node: '>=12'}
    cpu: [ia32]
    os: [win32]
    requiresBuild: true
    dev: true
    optional: true

  /@esbuild/win32-x64@0.18.15:
    resolution: {integrity: sha512-imUxH9a3WJARyAvrG7srLyiK73XdX83NXQkjKvQ+7vPh3ZxoLrzvPkQKKw2DwZ+RV2ZB6vBfNHP8XScAmQC3aA==}
    engines: {node: '>=12'}
    cpu: [x64]
    os: [win32]
    requiresBuild: true
    dev: true
    optional: true

  /@inertiajs/core@1.0.9:
    resolution: {integrity: sha512-Vd/4akXnY90qwtPJ1nVGtLXYhyGZdDjvQ4rv5qeqFYmqLEARdhDd7Lku1BwkboZX6GSTgDkipBSSGTKuRemOkQ==}
    dependencies:
      axios: 1.4.0
      deepmerge: 4.3.1
      nprogress: 0.2.0
      qs: 6.11.2
    transitivePeerDependencies:
      - debug
    dev: false

  /@lit-labs/ssr-dom-shim@1.1.1:
    resolution: {integrity: sha512-kXOeFbfCm4fFf2A3WwVEeQj55tMZa8c8/f9AKHMobQMkzNUfUj+antR3fRPaZJawsa1aZiP/Da3ndpZrwEe4rQ==}
    dev: false

  /@lit/reactive-element@1.6.2:
    resolution: {integrity: sha512-rDfl+QnCYjuIGf5xI2sVJWdYIi56CTCwWa+nidKYX6oIuBYwUbT/vX4qbUDlHiZKJ/3FRNQ/tWJui44p6/stSA==}
    dependencies:
      '@lit-labs/ssr-dom-shim': 1.1.1
    dev: false

  /@maicol07/inertia-mithril@1.0.3(mithril@2.2.2):
    resolution: {integrity: sha512-pVJ8KoJMAhoju8/PwJ4v/6Sdv0pZLn4F5EgqDGlLRIK3cSlTAoKFSLM6EqsxTG5yUdVLUPM6PM3X9b7hT2RqbQ==}
    peerDependencies:
      mithril: '>=2.0.4'
    dependencies:
      '@inertiajs/core': 1.0.9
      mithril: 2.2.2
    transitivePeerDependencies:
      - debug
    dev: false

  /@maicol07/material-web-additions@1.2.16(@material/web@1.0.0-pre.12):
    resolution: {integrity: sha512-fBbdljmYv5LoHAxeWqHNNYV6fcjedRd+dSykYKsnSdSjwU/2/BY88A/PjTUr9IP0cnA2AVvsYCmTYn1IwKIJJQ==}
    engines: {node: '>=18.0.0'}
    peerDependencies:
      '@material/web': 1.0.0-pre.11
    dependencies:
      '@material/card': 14.0.0
      '@material/data-table': 14.0.0
      '@material/layout-grid': 14.0.0
      '@material/mwc-base': 0.27.0
      '@material/web': 1.0.0-pre.12
      lit: 2.7.6
      tslib: 2.6.0
    dev: false

  /@material/animation@14.0.0:
    resolution: {integrity: sha512-VlYSfUaIj/BBVtRZI8Gv0VvzikFf+XgK0Zdgsok5c1v5DDnNz5tpB8mnGrveWz0rHbp1X4+CWLKrTwNmjrw3Xw==}
    dependencies:
      tslib: 2.6.0
    dev: false

  /@material/animation@14.0.0-canary.53b3cad2f.0:
    resolution: {integrity: sha512-GBuR4VmcTQW1D0lPXEosf5Giho72LLbyGIydWGtaEUtLJoive/D9kFkwTN4Fsyt9Kkl7hbhs35vrNe6QkAH4/Q==}
    dependencies:
      tslib: 2.6.0
    dev: false

  /@material/base@14.0.0:
    resolution: {integrity: sha512-Ou7vS7n1H4Y10MUZyYAbt6H0t67c6urxoCgeVT7M38aQlaNUwFMODp7KT/myjYz2YULfhu3PtfSV3Sltgac9mA==}
    dependencies:
      tslib: 2.6.0
    dev: false

  /@material/base@14.0.0-canary.53b3cad2f.0:
    resolution: {integrity: sha512-UJKbXwZtkrA3sfQDmj8Zbw1Q3Tqtl6KdfVFws95Yf7TCUgTFzbZI/FSx1w7dVugQPOEnIBuZnzqZam/MtHkx4w==}
    dependencies:
      tslib: 2.6.0
    dev: false

  /@material/button@14.0.0-canary.53b3cad2f.0:
    resolution: {integrity: sha512-IPBAByKpQjrWNVmAWx5VCTCLnOw4ymbLsbHmBkLiDgcLPs1EtwYnKKIwQ+/t3bV02OShUdMiyboL8V/C0gMS1A==}
    dependencies:
      '@material/density': 14.0.0-canary.53b3cad2f.0
      '@material/dom': 14.0.0-canary.53b3cad2f.0
      '@material/elevation': 14.0.0-canary.53b3cad2f.0
      '@material/feature-targeting': 14.0.0-canary.53b3cad2f.0
      '@material/focus-ring': 14.0.0-canary.53b3cad2f.0
      '@material/ripple': 14.0.0-canary.53b3cad2f.0
      '@material/rtl': 14.0.0-canary.53b3cad2f.0
      '@material/shape': 14.0.0-canary.53b3cad2f.0
      '@material/theme': 14.0.0-canary.53b3cad2f.0
      '@material/tokens': 14.0.0-canary.53b3cad2f.0
      '@material/touch-target': 14.0.0-canary.53b3cad2f.0
      '@material/typography': 14.0.0-canary.53b3cad2f.0
      tslib: 2.6.0
    dev: false

  /@material/card@14.0.0:
    resolution: {integrity: sha512-SnpYWUrCb92meGYLXV7qa/k40gnHR6rPki6A1wz0OAyG2twY48f0HLscAqxBLvbbm1LuRaqjz0RLKGH3VzxZHw==}
    dependencies:
      '@material/dom': 14.0.0
      '@material/elevation': 14.0.0
      '@material/feature-targeting': 14.0.0
      '@material/ripple': 14.0.0
      '@material/rtl': 14.0.0
      '@material/shape': 14.0.0
      '@material/theme': 14.0.0
      tslib: 2.6.0
    dev: false

  /@material/checkbox@14.0.0:
    resolution: {integrity: sha512-OoqwysCqvj1d0cRmEwVWPvg5OqYAiCFpE6Wng6me/Cahfe4xgRxSPa37WWqsClw20W7PG/5RrYRCBtc6bUUUZA==}
    dependencies:
      '@material/animation': 14.0.0
      '@material/base': 14.0.0
      '@material/density': 14.0.0
      '@material/dom': 14.0.0
      '@material/feature-targeting': 14.0.0
      '@material/focus-ring': 14.0.0
      '@material/ripple': 14.0.0
      '@material/theme': 14.0.0
      '@material/touch-target': 14.0.0
      tslib: 2.6.0
    dev: false

  /@material/data-table@14.0.0:
    resolution: {integrity: sha512-tnmLawGaMtnp29KH8pX99bqeKmFODE+MtRUTt6TauupkEfQE/wd0Um4JQDFiI0kCch7uF3r/NmQKyKuan10hXw==}
    dependencies:
      '@material/animation': 14.0.0
      '@material/base': 14.0.0
      '@material/checkbox': 14.0.0
      '@material/density': 14.0.0
      '@material/dom': 14.0.0
      '@material/elevation': 14.0.0
      '@material/feature-targeting': 14.0.0
      '@material/icon-button': 14.0.0
      '@material/linear-progress': 14.0.0
      '@material/list': 14.0.0
      '@material/menu': 14.0.0
      '@material/rtl': 14.0.0
      '@material/select': 14.0.0
      '@material/shape': 14.0.0
      '@material/theme': 14.0.0
      '@material/touch-target': 14.0.0
      '@material/typography': 14.0.0
      tslib: 2.6.0
    dev: false

  /@material/density@14.0.0:
    resolution: {integrity: sha512-NlxXBV5XjNsKd8UXF4K/+fOXLxoFNecKbsaQO6O2u+iG8QBfFreKRmkhEBb2hPPwC3w8nrODwXX0lHV+toICQw==}
    dependencies:
      tslib: 2.6.0
    dev: false

  /@material/density@14.0.0-canary.53b3cad2f.0:
    resolution: {integrity: sha512-Eh/vZ3vVyqtpylg5Ci33qlgtToS4H1/ppd450Ib3tcdISIoodgijYY0w4XsRvrnZgbI/h/1STFdLxdzS0UNuFw==}
    dependencies:
      tslib: 2.6.0
    dev: false

  /@material/dom@14.0.0:
    resolution: {integrity: sha512-8t88XyacclTj8qsIw9q0vEj4PI2KVncLoIsIMzwuMx49P2FZg6TsLjor262MI3Qs00UWAifuLMrhnOnfyrbe7Q==}
    dependencies:
      '@material/feature-targeting': 14.0.0
      tslib: 2.6.0
    dev: false

  /@material/dom@14.0.0-canary.53b3cad2f.0:
    resolution: {integrity: sha512-aR+rfncF6oi2ivdOlKSJI4UXwNzWV5rXM88MLDoSJF1D7lXxhAKhge+tMUBodWGV/q0+FnXLuVAa0WYTrKjo+A==}
    dependencies:
      '@material/feature-targeting': 14.0.0-canary.53b3cad2f.0
      tslib: 2.6.0
    dev: false

  /@material/elevation@14.0.0:
    resolution: {integrity: sha512-Di3tkxTpXwvf1GJUmaC8rd+zVh5dB2SWMBGagL4+kT8UmjSISif/OPRGuGnXs3QhF6nmEjkdC0ijdZLcYQkepw==}
    dependencies:
      '@material/animation': 14.0.0
      '@material/base': 14.0.0
      '@material/feature-targeting': 14.0.0
      '@material/rtl': 14.0.0
      '@material/theme': 14.0.0
      tslib: 2.6.0
    dev: false

  /@material/elevation@14.0.0-canary.53b3cad2f.0:
    resolution: {integrity: sha512-3h+EkR588RMZ5TSNQ4UeXD1FOBnL3ABQix0DQIGwtNJCqSMoPndT/oJEFvwQbTkZNDbFIKN9p1Q7/KuFPVY8Pw==}
    dependencies:
      '@material/animation': 14.0.0-canary.53b3cad2f.0
      '@material/base': 14.0.0-canary.53b3cad2f.0
      '@material/feature-targeting': 14.0.0-canary.53b3cad2f.0
      '@material/rtl': 14.0.0-canary.53b3cad2f.0
      '@material/theme': 14.0.0-canary.53b3cad2f.0
      tslib: 2.6.0
    dev: false

  /@material/feature-targeting@14.0.0:
    resolution: {integrity: sha512-a5WGgHEq5lJeeNL5yevtgoZjBjXWy6+klfVWQEh8oyix/rMJygGgO7gEc52uv8fB8uAIoYEB3iBMOv8jRq8FeA==}
    dependencies:
      tslib: 2.6.0
    dev: false

  /@material/feature-targeting@14.0.0-canary.53b3cad2f.0:
    resolution: {integrity: sha512-fn7Af3PRyARtNeYqtjxXmE3Y/dCpnpQVWWys57MqiGR/nvc6qpgOfJ6rOdcu/MrOysOE/oebTUDmDnTmwpe9Hw==}
    dependencies:
      tslib: 2.6.0
    dev: false

  /@material/floating-label@14.0.0:
    resolution: {integrity: sha512-Aq8BboP1sbNnOtsV72AfaYirHyOrQ/GKFoLrZ1Jt+ZGIAuXPETcj9z7nQDznst0ZeKcz420PxNn9tsybTbeL/Q==}
    dependencies:
      '@material/animation': 14.0.0
      '@material/base': 14.0.0
      '@material/dom': 14.0.0
      '@material/feature-targeting': 14.0.0
      '@material/rtl': 14.0.0
      '@material/theme': 14.0.0
      '@material/typography': 14.0.0
      tslib: 2.6.0
    dev: false

  /@material/focus-ring@14.0.0:
    resolution: {integrity: sha512-fqqka6iSfQGJG3Le48RxPCtnOiaLGPDPikhktGbxlyW9srBVMgeCiONfHM7IT/1eu80O0Y67Lh/4ohu5+C+VAQ==}
    dependencies:
      '@material/dom': 14.0.0
      '@material/feature-targeting': 14.0.0
      '@material/rtl': 14.0.0
    dev: false

  /@material/focus-ring@14.0.0-canary.53b3cad2f.0:
    resolution: {integrity: sha512-exPX5VrjQimipBwgcFDGRiEE783sOBgpkFui59A6i6iGvS2UrLHlYY2E65fyyyQnD1f/rv4Po1OOnCesE1kulg==}
    dependencies:
      '@material/dom': 14.0.0-canary.53b3cad2f.0
      '@material/feature-targeting': 14.0.0-canary.53b3cad2f.0
      '@material/rtl': 14.0.0-canary.53b3cad2f.0
    dev: false

  /@material/icon-button@14.0.0:
    resolution: {integrity: sha512-wHMqzm7Q/UwbWLoWv32Li1r2iVYxadIrwTNxT0+p+7NdfI3lEwMN3NoB0CvoJnHTljjXDzce0KJ3nZloa0P0gA==}
    dependencies:
      '@material/base': 14.0.0
      '@material/density': 14.0.0
      '@material/dom': 14.0.0
      '@material/elevation': 14.0.0
      '@material/feature-targeting': 14.0.0
      '@material/focus-ring': 14.0.0
      '@material/ripple': 14.0.0
      '@material/rtl': 14.0.0
      '@material/theme': 14.0.0
      '@material/touch-target': 14.0.0
      tslib: 2.6.0
    dev: false

  /@material/icon-button@14.0.0-canary.53b3cad2f.0:
    resolution: {integrity: sha512-BFdj3CP0JXHC/F2bDmpmzWhum4fkzIDgCCavvnpE/KcCbr0AaoSULRde+LtqvbdLIYW20cXhvjinIOlRhSOshA==}
    dependencies:
      '@material/base': 14.0.0-canary.53b3cad2f.0
      '@material/density': 14.0.0-canary.53b3cad2f.0
      '@material/dom': 14.0.0-canary.53b3cad2f.0
      '@material/elevation': 14.0.0-canary.53b3cad2f.0
      '@material/feature-targeting': 14.0.0-canary.53b3cad2f.0
      '@material/focus-ring': 14.0.0-canary.53b3cad2f.0
      '@material/ripple': 14.0.0-canary.53b3cad2f.0
      '@material/rtl': 14.0.0-canary.53b3cad2f.0
      '@material/theme': 14.0.0-canary.53b3cad2f.0
      '@material/touch-target': 14.0.0-canary.53b3cad2f.0
      tslib: 2.6.0
    dev: false

  /@material/layout-grid@14.0.0:
    resolution: {integrity: sha512-tAce0PR/c85VI2gf1HUdM0Y15ZWpfZWAFIwaCRW1+jnOLWnG1/aOJYLlzqtVEv2m0TS1R1WRRGN3Or+CWvpDRA==}
    dependencies:
      tslib: 2.6.0
    dev: false

  /@material/line-ripple@14.0.0:
    resolution: {integrity: sha512-Rx9eSnfp3FcsNz4O+fobNNq2PSm5tYHC3hRpY2ZK3ghTvgp3Y40/soaGEi/Vdg0F7jJXRaBSNOe6p5t9CVfy8Q==}
    dependencies:
      '@material/animation': 14.0.0
      '@material/base': 14.0.0
      '@material/feature-targeting': 14.0.0
      '@material/theme': 14.0.0
      tslib: 2.6.0
    dev: false

  /@material/linear-progress@14.0.0:
    resolution: {integrity: sha512-MGIAWMHMW6TSV/TNWyl5N/escpDHk3Rq6hultFif+D9adqbOXrtfZZIFPLj1FpMm1Ucnj6zgOmJHgCDsxRVNIA==}
    dependencies:
      '@material/animation': 14.0.0
      '@material/base': 14.0.0
      '@material/dom': 14.0.0
      '@material/feature-targeting': 14.0.0
      '@material/progress-indicator': 14.0.0
      '@material/rtl': 14.0.0
      '@material/theme': 14.0.0
      tslib: 2.6.0
    dev: false

  /@material/list@14.0.0:
    resolution: {integrity: sha512-AFaBGV9vQyfnG8BT2R3UGVdF5w2SigQqBH+qbOSxQhk4BgVvhDfJUIKT415poLNMdnaDtcuYz+ZWvVNoRDaL7w==}
    dependencies:
      '@material/base': 14.0.0
      '@material/density': 14.0.0
      '@material/dom': 14.0.0
      '@material/feature-targeting': 14.0.0
      '@material/ripple': 14.0.0
      '@material/rtl': 14.0.0
      '@material/shape': 14.0.0
      '@material/theme': 14.0.0
      '@material/typography': 14.0.0
      tslib: 2.6.0
    dev: false

  /@material/menu-surface@14.0.0:
    resolution: {integrity: sha512-wRz3UCrhJ4kRrijJEbvIPRa0mqA5qkQmKXjBH4Xu1ApedZruP+OM3Qb2Bj4XugCA3eCXpiohg+gdyTAX3dVQyw==}
    dependencies:
      '@material/animation': 14.0.0
      '@material/base': 14.0.0
      '@material/elevation': 14.0.0
      '@material/feature-targeting': 14.0.0
      '@material/rtl': 14.0.0
      '@material/shape': 14.0.0
      '@material/theme': 14.0.0
      tslib: 2.6.0
    dev: false

  /@material/menu@14.0.0:
    resolution: {integrity: sha512-oU6GjbYnkG6a5nX9HUSege5OQByf6yUteEij8fpf0ci3f5BWf/gr39dnQ+rfl+q119cW0WIEmVK2YJ/BFxMzEQ==}
    dependencies:
      '@material/base': 14.0.0
      '@material/dom': 14.0.0
      '@material/elevation': 14.0.0
      '@material/feature-targeting': 14.0.0
      '@material/list': 14.0.0
      '@material/menu-surface': 14.0.0
      '@material/ripple': 14.0.0
      '@material/rtl': 14.0.0
      '@material/theme': 14.0.0
      tslib: 2.6.0
    dev: false

  /@material/mwc-base@0.27.0:
    resolution: {integrity: sha512-oCWWtjbyQ52AaUbzINLGBKScIPyqhps2Y7c8t6Gu6fcFeDxhKXMV1Cqvtj/OMhtAt53XjHfD2XruWwYv3cYYUA==}
    dependencies:
      '@material/base': 14.0.0-canary.53b3cad2f.0
      '@material/dom': 14.0.0-canary.53b3cad2f.0
      lit: 2.7.6
      tslib: 2.6.0
    dev: false

  /@material/mwc-snackbar@0.27.0:
    resolution: {integrity: sha512-D9xhae4MiUwhHJxXaNzucmOutXVS/02CVnuCpzV2uDCLnY4oTaiZNDa+YBxheZnNKTTSm5yrshOnsRIQO6hgPw==}
    dependencies:
      '@material/mwc-base': 0.27.0
      '@material/snackbar': 14.0.0-canary.53b3cad2f.0
      lit: 2.7.6
      tslib: 2.6.0
    dev: false

  /@material/notched-outline@14.0.0:
    resolution: {integrity: sha512-6S58DlWmhCDr4RQF2RuwqANxlmLdHtWy2mF4JQLD9WOiCg4qY9eCQnMXu3Tbhr7f/nOZ0vzc7AtA3vfJoZmCSw==}
    dependencies:
      '@material/base': 14.0.0
      '@material/feature-targeting': 14.0.0
      '@material/floating-label': 14.0.0
      '@material/rtl': 14.0.0
      '@material/shape': 14.0.0
      '@material/theme': 14.0.0
      tslib: 2.6.0
    dev: false

  /@material/progress-indicator@14.0.0:
    resolution: {integrity: sha512-09JRTuIySxs670Tcy4jVlqCUbyrO+Ad6z3nHnAi8pYl74duco4n/9jTROV0mlFdr9NIFifnd08lKbiFLDmfJGQ==}
    dependencies:
      tslib: 2.6.0
    dev: false

  /@material/ripple@14.0.0:
    resolution: {integrity: sha512-9XoGBFd5JhFgELgW7pqtiLy+CnCIcV2s9cQ2BWbOQeA8faX9UZIDUx/g76nHLZ7UzKFtsULJxZTwORmsEt2zvw==}
    dependencies:
      '@material/animation': 14.0.0
      '@material/base': 14.0.0
      '@material/dom': 14.0.0
      '@material/feature-targeting': 14.0.0
      '@material/rtl': 14.0.0
      '@material/theme': 14.0.0
      tslib: 2.6.0
    dev: false

  /@material/ripple@14.0.0-canary.53b3cad2f.0:
    resolution: {integrity: sha512-6g2G62vd8DsMuIUSXlRrzb98qkZ4o8ZREknNwNP2zaLQEOkJ//4j9HaqDt98/3LIjUTY9UIVFTQENiMmlwKHYQ==}
    dependencies:
      '@material/animation': 14.0.0-canary.53b3cad2f.0
      '@material/base': 14.0.0-canary.53b3cad2f.0
      '@material/dom': 14.0.0-canary.53b3cad2f.0
      '@material/feature-targeting': 14.0.0-canary.53b3cad2f.0
      '@material/rtl': 14.0.0-canary.53b3cad2f.0
      '@material/theme': 14.0.0-canary.53b3cad2f.0
      tslib: 2.6.0
    dev: false

  /@material/rtl@14.0.0:
    resolution: {integrity: sha512-xl6OZYyRjuiW2hmbjV2omMV8sQtfmKAjeWnD1RMiAPLCTyOW9Lh/PYYnXjxUrNa0cRwIIbOn5J7OYXokja8puA==}
    dependencies:
      '@material/theme': 14.0.0
      tslib: 2.6.0
    dev: false

  /@material/rtl@14.0.0-canary.53b3cad2f.0:
    resolution: {integrity: sha512-f08LT0HSa0WYU+4Jz/tbm1TQ9Fcf2k+H6dPPYv0J1sZmX6hMgCEmNiUdUFLQFvszoXx2XrRi1/hIFjbz2e69Yg==}
    dependencies:
      '@material/theme': 14.0.0-canary.53b3cad2f.0
      tslib: 2.6.0
    dev: false

  /@material/select@14.0.0:
    resolution: {integrity: sha512-4aY1kUHEnbOCRG3Tkuuk8yFfyNYSvOstBbjiYE/Z1ZGF3P1z+ON35iLatP84LvNteX4F1EMO2QAta2QbLRMAkw==}
    dependencies:
      '@material/animation': 14.0.0
      '@material/base': 14.0.0
      '@material/density': 14.0.0
      '@material/dom': 14.0.0
      '@material/elevation': 14.0.0
      '@material/feature-targeting': 14.0.0
      '@material/floating-label': 14.0.0
      '@material/line-ripple': 14.0.0
      '@material/list': 14.0.0
      '@material/menu': 14.0.0
      '@material/menu-surface': 14.0.0
      '@material/notched-outline': 14.0.0
      '@material/ripple': 14.0.0
      '@material/rtl': 14.0.0
      '@material/shape': 14.0.0
      '@material/theme': 14.0.0
      '@material/tokens': 14.0.0
      '@material/typography': 14.0.0
      tslib: 2.6.0
    dev: false

  /@material/shape@14.0.0:
    resolution: {integrity: sha512-o0mJB0+feOv473KckI8gFnUo8IQAaEA6ynXzw3VIYFjPi48pJwrxa0mZcJP/OoTXrCbDzDeFJfDPXEmRioBb9A==}
    dependencies:
      '@material/feature-targeting': 14.0.0
      '@material/rtl': 14.0.0
      '@material/theme': 14.0.0
      tslib: 2.6.0
    dev: false

  /@material/shape@14.0.0-canary.53b3cad2f.0:
    resolution: {integrity: sha512-RyjInLCNe+nI/ulKea0ZLHphXQDiDqYazS25SRn18g8Hoa5qGNaY5oOBncDXUYn3jm5oI5kFc9oif//kulkbjg==}
    dependencies:
      '@material/feature-targeting': 14.0.0-canary.53b3cad2f.0
      '@material/rtl': 14.0.0-canary.53b3cad2f.0
      '@material/theme': 14.0.0-canary.53b3cad2f.0
      tslib: 2.6.0
    dev: false

  /@material/snackbar@14.0.0-canary.53b3cad2f.0:
    resolution: {integrity: sha512-E/i+o7Q8Jp4UW7UBTslqlFeSxgyU7XE86CoYuq2g+ySSWTt8b16ug8EJTQvuk4DRdDO3tjQN1sN0R77Av6txSw==}
    dependencies:
      '@material/animation': 14.0.0-canary.53b3cad2f.0
      '@material/base': 14.0.0-canary.53b3cad2f.0
      '@material/button': 14.0.0-canary.53b3cad2f.0
      '@material/dom': 14.0.0-canary.53b3cad2f.0
      '@material/elevation': 14.0.0-canary.53b3cad2f.0
      '@material/feature-targeting': 14.0.0-canary.53b3cad2f.0
      '@material/icon-button': 14.0.0-canary.53b3cad2f.0
      '@material/ripple': 14.0.0-canary.53b3cad2f.0
      '@material/rtl': 14.0.0-canary.53b3cad2f.0
      '@material/shape': 14.0.0-canary.53b3cad2f.0
      '@material/theme': 14.0.0-canary.53b3cad2f.0
      '@material/typography': 14.0.0-canary.53b3cad2f.0
      tslib: 2.6.0
    dev: false

  /@material/theme@14.0.0:
    resolution: {integrity: sha512-6/SENWNIFuXzeHMPHrYwbsXKgkvCtWuzzQ3cUu4UEt3KcQ5YpViazIM6h8ByYKZP8A9d8QpkJ0WGX5btGDcVoA==}
    dependencies:
      '@material/feature-targeting': 14.0.0
      tslib: 2.6.0
    dev: false

  /@material/theme@14.0.0-canary.53b3cad2f.0:
    resolution: {integrity: sha512-S06XAevDCDWMe+GgsEpITMS07imUidzadNaTbJsqssFajBLr53QWVZsG84BpjXKXoYvyEJvb0hX5U0lq6ip9UQ==}
    dependencies:
      '@material/feature-targeting': 14.0.0-canary.53b3cad2f.0
      tslib: 2.6.0
    dev: false

  /@material/tokens@14.0.0:
    resolution: {integrity: sha512-SXgB9VwsKW4DFkHmJfDIS0x0cGdMWC1D06m6z/WQQ5P5j6/m0pKrbHVlrLzXcRjau+mFhXGvj/KyPo9Pp/Rc8Q==}
    dependencies:
      '@material/elevation': 14.0.0
    dev: false

  /@material/tokens@14.0.0-canary.53b3cad2f.0:
    resolution: {integrity: sha512-myHFB7vac8zErA3qgkqmV+kpE+i9JEwc/6Yf0MOumDSpylJGw28QikpNC6eAVBK2EmPQTaFn20mqUxyud8dGqw==}
    dependencies:
      '@material/elevation': 14.0.0-canary.53b3cad2f.0
    dev: false

  /@material/touch-target@14.0.0:
    resolution: {integrity: sha512-o3kvxmS4HkmZoQTvtzLJrqSG+ezYXkyINm3Uiwio1PTg67pDgK5FRwInkz0VNaWPcw9+5jqjUQGjuZMtjQMq8w==}
    dependencies:
      '@material/base': 14.0.0
      '@material/feature-targeting': 14.0.0
      '@material/rtl': 14.0.0
      tslib: 2.6.0
    dev: false

  /@material/touch-target@14.0.0-canary.53b3cad2f.0:
    resolution: {integrity: sha512-d83e5vbqoLyL542yOTTp4TLVltddWiqbI/j1w/D9ipE30YKfe2EDN+CNJc32Zufh5IUfK41DsZdrN8fI9cL99A==}
    dependencies:
      '@material/base': 14.0.0-canary.53b3cad2f.0
      '@material/feature-targeting': 14.0.0-canary.53b3cad2f.0
      '@material/rtl': 14.0.0-canary.53b3cad2f.0
      tslib: 2.6.0
    dev: false

  /@material/typography@14.0.0:
    resolution: {integrity: sha512-/QtHBYiTR+TPMryM/CT386B2WlAQf/Ae32V324Z7P40gHLKY/YBXx7FDutAWZFeOerq/two4Nd2aAHBcMM2wMw==}
    dependencies:
      '@material/feature-targeting': 14.0.0
      '@material/theme': 14.0.0
      tslib: 2.6.0
    dev: false

  /@material/typography@14.0.0-canary.53b3cad2f.0:
    resolution: {integrity: sha512-9J0k2fq7uyHsRzRqJDJLGmg3YzRpfRPtFDVeUH/xBcYoqpZE7wYw5Mb7s/l8eP626EtR7HhXhSPjvRTLA6NIJg==}
    dependencies:
      '@material/feature-targeting': 14.0.0-canary.53b3cad2f.0
      '@material/theme': 14.0.0-canary.53b3cad2f.0
      tslib: 2.6.0
    dev: false

  /@material/web@1.0.0-pre.12:
    resolution: {integrity: sha512-hqbb1dZx3Un3q8y6/teC19pPGARfGxVXVvtns/tw77XgdNafgStPbR0oQ8hOlEDWmCEUSW94O0y6k3kG0lD8lg==}
    dependencies:
      lit: 2.7.6
      safevalues: 0.4.3
      tslib: 2.6.0
    dev: false

  /@mdi/js@7.2.96:
    resolution: {integrity: sha512-paR9M9ZT7rKbh2boksNUynuSZMHhqRYnEZOm/KrZTjQ4/FzyhjLHuvw/8XYzP+E7fS4+/Ms/82EN1pl/OFsiIA==}
    dev: false

  /@types/history@4.7.11:
    resolution: {integrity: sha512-qjDJRrmvBMiTx+jyLxvLfJU7UznFuokDv4f3WRuriHKERccVpFU+8XMQUAbDzoiJCsmexxRExQeMwwCdamSKDA==}
    dev: true

  /@types/mithril@2.0.12:
    resolution: {integrity: sha512-vedzt04n3EB7rcnfSLCv3+w3qJLkGWdsNRBKvelTqhSJSfg73Roq9b+rcnn9zeqGYtQAMqNcO6vNBR/w0OzipQ==}
    dev: true

  /@types/trusted-types@2.0.3:
    resolution: {integrity: sha512-NfQ4gyz38SL8sDNrSixxU2Os1a5xcdFxipAFxYEuLUlvU2uDwS4NUpsImcf1//SlWItCVMMLiylsxbmNMToV/g==}
    dev: false

  /@types/ziggy-js@1.3.2:
    resolution: {integrity: sha512-hwnsR3tEy3jyW+akw5kwfyZ9+/MZ+jN659G6LoGKBL9LvOUv07fiMsZL3vaK8IfTo2OXVMa4elsX8r/nU/x9hw==}
    dependencies:
      '@types/history': 4.7.11
    dev: true

  /anymatch@3.1.3:
    resolution: {integrity: sha512-KMReFUr0B4t+D+OBkjR3KYqvocp2XaSzO55UcB6mgQMd3KbcE+mWTyvVV7D/zsdEbNnV6acZUutkiHQXvTr1Rw==}
    engines: {node: '>= 8'}
    dependencies:
      normalize-path: 3.0.0
      picomatch: 2.3.1
    dev: true

  /asynckit@0.4.0:
    resolution: {integrity: sha512-Oei9OH4tRh0YqU3GxhX79dM/mwVgvbZJaSNaRk+bshkj0S5cfHcgYakreBjrHwatXKbz+IoIdYLxrKim2MjW0Q==}
    dev: false

  /axios@1.4.0:
    resolution: {integrity: sha512-S4XCWMEmzvo64T9GfvQDOXgYRDJ/wsSZc7Jvdgx5u1sd0JwsuPLqb3SYmusag+edF6ziyMensPVqLTSc1PiSEA==}
    dependencies:
      follow-redirects: 1.15.2
      form-data: 4.0.0
      proxy-from-env: 1.1.0
    transitivePeerDependencies:
      - debug
    dev: false

  /balanced-match@1.0.2:
    resolution: {integrity: sha512-3oSeUO0TMV67hN1AmbXsK4yaqU7tjiHlbxRDZOpH0KW9+CeX4bRAaX0Anxt0tx2MrpRpWwQaPwIlISEJhYU5Pw==}
    dev: false

  /binary-extensions@2.2.0:
    resolution: {integrity: sha512-jDctJ/IVQbZoJykoeHbhXpOlNBqGNcwXJKJog42E5HDPUwQTSdjCHdihjj0DlnheQ7blbT6dHOafNAiS8ooQKA==}
    engines: {node: '>=8'}
    dev: true

  /brace-expansion@1.1.11:
    resolution: {integrity: sha512-iCuPHDFgrHX7H2vEI/5xpz07zSHB00TpugqhmYtVmMO6518mCuRMoOYFldEBl0g187ufozdaHgWKcYFb61qGiA==}
    dependencies:
      balanced-match: 1.0.2
      concat-map: 0.0.1
    dev: false

  /braces@3.0.2:
    resolution: {integrity: sha512-b8um+L1RzM3WDSzvhm6gIz1yfTbBt6YTlcEKAvsmqCZZFw46z626lVj9j1yEPW33H5H+lBQpZMP1k8l+78Ha0A==}
    engines: {node: '>=8'}
    dependencies:
      fill-range: 7.0.1
    dev: true

  /call-bind@1.0.2:
    resolution: {integrity: sha512-7O+FbCihrB5WGbFYesctwmTKae6rOiIzmz1icreWJ+0aA7LJfuqhEso2T9ncpcFtzMQtzXf2QGGueWJGTYsqrA==}
    dependencies:
      function-bind: 1.1.1
      get-intrinsic: 1.2.1
    dev: false

  /chokidar@3.5.3:
    resolution: {integrity: sha512-Dr3sfKRP6oTcjf2JmUmFJfeVMvXBdegxB0iVQ5eb2V10uFJUCAS8OByZdVAyVb8xXNz3GjjTgj9kLWsZTqE6kw==}
    engines: {node: '>= 8.10.0'}
    dependencies:
      anymatch: 3.1.3
      braces: 3.0.2
      glob-parent: 5.1.2
      is-binary-path: 2.1.0
      is-glob: 4.0.3
      normalize-path: 3.0.0
      readdirp: 3.6.0
    optionalDependencies:
      fsevents: 2.3.2
    dev: true

  /classnames@2.3.2:
    resolution: {integrity: sha512-CSbhY4cFEJRe6/GQzIk5qXZ4Jeg5pcsP7b5peFSDpffpe1cqjASH/n9UTjBwOp6XpMSTwQ8Za2K5V02ueA7Tmw==}
    dev: false

  /collect.js@4.36.1:
    resolution: {integrity: sha512-jd97xWPKgHn6uvK31V6zcyPd40lUJd7gpYxbN2VOVxGWO4tyvS9Li4EpsFjXepGTo2tYcOTC4a8YsbQXMJ4XUw==}
    dev: false

  /coloquent@3.0.1-beta:
    resolution: {integrity: sha512-kyQfXtEfC1xvV1N3XUAiM0D+QyFp4E7YkqgqX5M/1p2ekPQQWOOVQa7oEGedtiLKBvtAHxIEwJC/FIOdRr0U4Q==}
    dependencies:
      error-stack-parser: 2.1.4
      php-date-formatter: 1.3.6
    dev: false

  /combined-stream@1.0.8:
    resolution: {integrity: sha512-FQN4MRfuJeHf7cBbBMJFXhKSDq+2kAArBlmRBvcvFE5BB1HZKXtSFASDhdlz9zOYwxh8lDdnvmMOe/+5cdoEdg==}
    engines: {node: '>= 0.8'}
    dependencies:
      delayed-stream: 1.0.0
    dev: false

  /concat-map@0.0.1:
    resolution: {integrity: sha512-/Srv4dswyQNBfohGpz9o6Yb3Gz3SrUDqBH5rTuhGR7ahtlbYKnVxw2bCFMRljaA7EXHaXZ8wsHdodFvbkhKmqg==}
    dev: false

  /csstype@3.1.2:
    resolution: {integrity: sha512-I7K1Uu0MBPzaFKg4nI5Q7Vs2t+3gWWW648spaF+Rg7pI9ds18Ugn+lvg4SHczUdKlHI5LWBXyqfS8+DufyBsgQ==}

  /dayjs@1.11.9:
    resolution: {integrity: sha512-QvzAURSbQ0pKdIye2txOzNaHmxtUBXerpY0FJsFXUMKbIZeFm5ht1LS/jFsrncjnmtv8HsG0W2g6c0zUjZWmpA==}
    dev: false

  /deepmerge@4.3.1:
    resolution: {integrity: sha512-3sUqbMEc77XqpdNO7FRyRog+eW3ph+GYCbj+rK+uYyRMuwsVy0rMiVtPn+QJlKFvWP/1PYpapqYn0Me2knFn+A==}
    engines: {node: '>=0.10.0'}
    dev: false

  /delayed-stream@1.0.0:
    resolution: {integrity: sha512-ZySD7Nf91aLB0RxL4KGrKHBXl7Eds1DAmEdcoVawXnLD7SDhpNgtuII2aAkg7a7QS41jxPSZ17p4VdGnMHk3MQ==}
    engines: {node: '>=0.4.0'}
    dev: false

  /error-stack-parser@2.1.4:
    resolution: {integrity: sha512-Sk5V6wVazPhq5MhpO+AUxJn5x7XSXGl1R93Vn7i+zS15KDVxQijejNCrz8340/2bgLBjR9GtEG8ZVKONDjcqGQ==}
    dependencies:
      stackframe: 1.3.4
    dev: false

  /esbuild@0.18.15:
    resolution: {integrity: sha512-3WOOLhrvuTGPRzQPU6waSDWrDTnQriia72McWcn6UCi43GhCHrXH4S59hKMeez+IITmdUuUyvbU9JIp+t3xlPQ==}
    engines: {node: '>=12'}
    hasBin: true
    requiresBuild: true
    optionalDependencies:
      '@esbuild/android-arm': 0.18.15
      '@esbuild/android-arm64': 0.18.15
      '@esbuild/android-x64': 0.18.15
      '@esbuild/darwin-arm64': 0.18.15
      '@esbuild/darwin-x64': 0.18.15
      '@esbuild/freebsd-arm64': 0.18.15
      '@esbuild/freebsd-x64': 0.18.15
      '@esbuild/linux-arm': 0.18.15
      '@esbuild/linux-arm64': 0.18.15
      '@esbuild/linux-ia32': 0.18.15
      '@esbuild/linux-loong64': 0.18.15
      '@esbuild/linux-mips64el': 0.18.15
      '@esbuild/linux-ppc64': 0.18.15
      '@esbuild/linux-riscv64': 0.18.15
      '@esbuild/linux-s390x': 0.18.15
      '@esbuild/linux-x64': 0.18.15
      '@esbuild/netbsd-x64': 0.18.15
      '@esbuild/openbsd-x64': 0.18.15
      '@esbuild/sunos-x64': 0.18.15
      '@esbuild/win32-arm64': 0.18.15
      '@esbuild/win32-ia32': 0.18.15
      '@esbuild/win32-x64': 0.18.15
    dev: true

  /fill-range@7.0.1:
    resolution: {integrity: sha512-qOo9F+dMUmC2Lcb4BbVvnKJxTPjCm+RRpe4gDuGrzkL7mEVl/djYSu2OdQ2Pa302N4oqkSg9ir6jaLWJ2USVpQ==}
    engines: {node: '>=8'}
    dependencies:
      to-regex-range: 5.0.1
    dev: true

  /follow-redirects@1.15.2:
    resolution: {integrity: sha512-VQLG33o04KaQ8uYi2tVNbdrWp1QWxNNea+nmIB4EVM28v0hmP17z7aG1+wAkNzVq4KeXTq3221ye5qTJP91JwA==}
    engines: {node: '>=4.0'}
    peerDependencies:
      debug: '*'
    peerDependenciesMeta:
      debug:
        optional: true
    dev: false

  /form-data@4.0.0:
    resolution: {integrity: sha512-ETEklSGi5t0QMZuiXoA/Q6vcnxcLQP5vdugSpuAyi6SVGi2clPPp+xgEhuMaHC+zGgn31Kd235W35f7Hykkaww==}
    engines: {node: '>= 6'}
    dependencies:
      asynckit: 0.4.0
      combined-stream: 1.0.8
      mime-types: 2.1.35
    dev: false

  /fs.realpath@1.0.0:
    resolution: {integrity: sha512-OO0pH2lK6a0hZnAdau5ItzHPI6pUlvI7jMVnxUQRtw4owF2wk8lOSabtGDCTP4Ggrg2MbGnWO9X8K1t4+fGMDw==}
    dev: false

  /fsevents@2.3.2:
    resolution: {integrity: sha512-xiqMQR4xAeHTuB9uWm+fFRcIOgKBMiOBP+eXiyT7jsgVCq1bkVygt00oASowB7EdtpOHaaPgKt812P9ab+DDKA==}
    engines: {node: ^8.16.0 || ^10.6.0 || >=11.0.0}
    os: [darwin]
    requiresBuild: true
    dev: true
    optional: true

  /function-bind@1.1.1:
    resolution: {integrity: sha512-yIovAzMX49sF8Yl58fSCWJ5svSLuaibPxXQJFLmBObTuCr0Mf1KiPopGM9NiFjiYBCbfaa2Fh6breQ6ANVTI0A==}
    dev: false

  /get-intrinsic@1.2.1:
    resolution: {integrity: sha512-2DcsyfABl+gVHEfCOaTrWgyt+tb6MSEGmKq+kI5HwLbIYgjgmMcV8KQ41uaKz1xxUcn9tJtgFbQUEVcEbd0FYw==}
    dependencies:
      function-bind: 1.1.1
      has: 1.0.3
      has-proto: 1.0.1
      has-symbols: 1.0.3
    dev: false

  /glob-parent@5.1.2:
    resolution: {integrity: sha512-AOIgSQCepiJYwP3ARnGx+5VnTu2HBYdzbGP45eLw1vr3zB3vZLeyed1sC9hnbcOc9/SrMyM5RPQrkGz4aS9Zow==}
    engines: {node: '>= 6'}
    dependencies:
      is-glob: 4.0.3
    dev: true

  /glob@7.2.3:
    resolution: {integrity: sha512-nFR0zLpU2YCaRxwoCJvL6UvCH2JFyFVIvwTLsIf21AuHlMskA1hhTdk+LlYJtOlYt9v6dvszD2BGRqBL+iQK9Q==}
    dependencies:
      fs.realpath: 1.0.0
      inflight: 1.0.6
      inherits: 2.0.4
      minimatch: 3.1.2
      once: 1.4.0
      path-is-absolute: 1.0.1
    dev: false

  /has-proto@1.0.1:
    resolution: {integrity: sha512-7qE+iP+O+bgF9clE5+UoBFzE65mlBiVj3tKCrlNQ0Ogwm0BjpT/gK4SlLYDMybDh5I3TCTKnPPa0oMG7JDYrhg==}
    engines: {node: '>= 0.4'}
    dev: false

  /has-symbols@1.0.3:
    resolution: {integrity: sha512-l3LCuF6MgDNwTDKkdYGEihYjt5pRPbEg46rtlmnSPlUbgmB8LOIrKJbYYFBSbnPaJexMKtiPO8hmeRjRz2Td+A==}
    engines: {node: '>= 0.4'}
    dev: false

  /has@1.0.3:
    resolution: {integrity: sha512-f2dvO0VU6Oej7RkWJGrehjbzMAjFp5/VKPp5tTpWIV4JHHZK1/BxbFRtf/siA2SWTe09caDmVtYYzWEIbBS4zw==}
    engines: {node: '>= 0.4.0'}
    dependencies:
      function-bind: 1.1.1
    dev: false

  /immutable@4.3.1:
    resolution: {integrity: sha512-lj9cnmB/kVS0QHsJnYKD1uo3o39nrbKxszjnqS9Fr6NB7bZzW45U6WSGBPKXDL/CvDKqDNPA4r3DoDQ8GTxo2A==}
    dev: true

  /inflight@1.0.6:
    resolution: {integrity: sha512-k92I/b08q4wvFscXCLvqfsHCrjrF7yiXsQuIVvVE7N82W3+aqpzuUdBbfhWcy/FZR3/4IgflMgKLOsvPDrGCJA==}
    dependencies:
      once: 1.4.0
      wrappy: 1.0.2
    dev: false

  /inherits@2.0.4:
    resolution: {integrity: sha512-k/vGaX4/Yla3WzyMCvTQOXYeIHvqOKtnqBduzTHpzpQZzAskKMhZ2K+EnBiSM9zGSoIFeMpXKxa4dYeZIQqewQ==}
    dev: false

  /is-binary-path@2.1.0:
    resolution: {integrity: sha512-ZMERYes6pDydyuGidse7OsHxtbI7WVeUEozgR/g7rd0xUimYNlvZRE/K2MgZTjWy725IfelLeVcEM97mmtRGXw==}
    engines: {node: '>=8'}
    dependencies:
      binary-extensions: 2.2.0
    dev: true

  /is-extglob@2.1.1:
    resolution: {integrity: sha512-SbKbANkN603Vi4jEZv49LeVJMn4yGwsbzZworEoyEiutsN3nJYdbO36zfhGJ6QEDpOZIFkDtnq5JRxmvl3jsoQ==}
    engines: {node: '>=0.10.0'}
    dev: true

  /is-glob@4.0.3:
    resolution: {integrity: sha512-xelSayHH36ZgE7ZWhli7pW34hNbNl8Ojv5KVmkJD4hBdD3th8Tfk9vYasLM+mXWOZhFkgZfxhLSnrwRr4elSSg==}
    engines: {node: '>=0.10.0'}
    dependencies:
      is-extglob: 2.1.1
    dev: true

  /is-number@7.0.0:
    resolution: {integrity: sha512-41Cifkg6e8TylSpdtTpeLVMqvSBEVzTttHvERD741+pnZ8ANv0004MRL43QKPDlK9cGvNp6NZWZUBlbGXYxxng==}
    engines: {node: '>=0.12.0'}
    dev: true

  /laravel-vite-plugin@0.7.8(vite@4.4.6):
    resolution: {integrity: sha512-HWYqpQYHR3kEQ1LsHX7gHJoNNf0bz5z5mDaHBLzS+PGLCTmYqlU5/SZyeEgObV7z7bC/cnStYcY9H1DI1D5Udg==}
    engines: {node: '>=14'}
    peerDependencies:
      vite: ^3.0.0 || ^4.0.0
    dependencies:
      picocolors: 1.0.0
      vite: 4.4.6(sass@1.64.1)
      vite-plugin-full-reload: 1.0.5(vite@4.4.6)
    dev: true

  /lit-element@3.3.2:
    resolution: {integrity: sha512-xXAeVWKGr4/njq0rGC9dethMnYCq5hpKYrgQZYTzawt9YQhMiXfD+T1RgrdY3NamOxwq2aXlb0vOI6e29CKgVQ==}
    dependencies:
      '@lit-labs/ssr-dom-shim': 1.1.1
      '@lit/reactive-element': 1.6.2
      lit-html: 2.7.5
    dev: false

  /lit-html@2.7.5:
    resolution: {integrity: sha512-YqUzpisJodwKIlbMFCtyrp58oLloKGnnPLMJ1t23cbfIJjg/H9pvLWK4XS69YeubK5HUs1UE4ys9w5dP1zg6IA==}
    dependencies:
      '@types/trusted-types': 2.0.3
    dev: false

  /lit@2.7.6:
    resolution: {integrity: sha512-1amFHA7t4VaaDe+vdQejSVBklwtH9svGoG6/dZi9JhxtJBBlqY5D1RV7iLUYY0trCqQc4NfhYYZilZiVHt7Hxg==}
    dependencies:
      '@lit/reactive-element': 1.6.2
      lit-element: 3.3.2
      lit-html: 2.7.5
    dev: false

  /mime-db@1.52.0:
    resolution: {integrity: sha512-sPU4uV7dYlvtWJxwwxHD0PuihVNiE7TyAbQ5SWxDCB9mUYvOgroQOwYQQOKPJ8CIbE+1ETVlOoK1UC2nU3gYvg==}
    engines: {node: '>= 0.6'}
    dev: false

  /mime-types@2.1.35:
    resolution: {integrity: sha512-ZDY+bPm5zTTF+YpCrAU9nK0UgICYPT0QtT1NZWFv4s++TNkcgVaT0g6+4R2uI4MjQjzysHB1zxuWL50hzaeXiw==}
    engines: {node: '>= 0.6'}
    dependencies:
      mime-db: 1.52.0
    dev: false

  /minimatch@3.1.2:
    resolution: {integrity: sha512-J7p63hRiAjw1NDEww1W7i37+ByIrOWO5XQQAzZ3VOcL0PNybwpfmV/N05zFAzwQ9USyEcX6t3UO+K5aqBQOIHw==}
    dependencies:
      brace-expansion: 1.1.11
    dev: false

  /mithril-utilities@1.2.0(mithril@2.2.2):
    resolution: {integrity: sha512-adp4pkc30IC44sTmXpvuP6/GU5glz4T2raVANLbkOusGfxM8rMn911eukiWlsfZGRu5zsiDNc71hnZ+90U6Sdg==}
    peerDependencies:
      mithril: ^2.0.4
    dependencies:
      classnames: 2.3.2
      collect.js: 4.36.1
      csstype: 3.1.2
      mithril: 2.2.2
      typescript-cookie: 1.0.6
    dev: false

  /mithril@2.2.2:
    resolution: {integrity: sha512-YRm6eLv2UUaWaWHdH8L+desW9+DN7+oM34CxJv6tT2e1lNVue8bxQlknQeDRn9aKlO8sIujm2wqUHwM+Hb1wGQ==}
    hasBin: true
    dependencies:
      ospec: 4.0.0
    dev: false

  /modern-normalize@2.0.0:
    resolution: {integrity: sha512-CxBoEVKh5U4DH3XuNbc5ONLF6dQBc8dSc7pdZ1957FGbIO5JBqGqqchhET9dTexri8/pk9xBL6+5ceOtCIp1QA==}
    engines: {node: '>=6'}
    dev: false

  /nanoid@3.3.6:
    resolution: {integrity: sha512-BGcqMMJuToF7i1rt+2PWSNVnWIkGCU78jBG3RxO/bZlnZPK2Cmi2QaffxGO/2RvWi9sL+FAiRiXMgsyxQ1DIDA==}
    engines: {node: ^10 || ^12 || ^13.7 || ^14 || >=15.0.1}
    hasBin: true
    dev: true

  /normalize-path@3.0.0:
    resolution: {integrity: sha512-6eZs5Ls3WtCisHWp9S2GUy8dqkpGi4BVSz3GaqiE6ezub0512ESztXUwUB6C6IKbQkY2Pnb/mD4WYojCRwcwLA==}
    engines: {node: '>=0.10.0'}
    dev: true

  /nprogress@0.2.0:
    resolution: {integrity: sha512-I19aIingLgR1fmhftnbWWO3dXc0hSxqHQHQb3H8m+K3TnEn/iSeTZZOyvKXWqQESMwuUVnatlCnZdLBZZt2VSA==}
    dev: false

  /object-inspect@1.12.3:
    resolution: {integrity: sha512-geUvdk7c+eizMNUDkRpW1wJwgfOiOeHbxBR/hLXK1aT6zmVSO0jsQcs7fj6MGw89jC/cjGfLcNOrtMYtGqm81g==}
    dev: false

  /once@1.4.0:
    resolution: {integrity: sha512-lNaJgI+2Q5URQBkccEKHTQOPaXdUxnZZElQTZY0MFUAuaEqe1E+Nyvgdz/aIyNi6Z9MzO5dv1H8n58/GELp3+w==}
    dependencies:
      wrappy: 1.0.2
    dev: false

  /ospec@4.0.0:
    resolution: {integrity: sha512-MpDtkpscOxHYb4w71v7GB4LBsRuzxZnM+HdwjhzJQzu+5EJvA80yxTaKw+wp5Dmf5RV2/Bg3Uvz2vlI/PhW9Ow==}
    hasBin: true
    dependencies:
      glob: 7.2.3
    dev: false

  /path-is-absolute@1.0.1:
    resolution: {integrity: sha512-AVbw3UJ2e9bq64vSaS9Am0fje1Pa8pbGqTTsmXfaIiMpnr5DlDhfJOuLj9Sf95ZPVDAUerDfEk88MPmPe7UCQg==}
    engines: {node: '>=0.10.0'}
    dev: false

  /php-date-formatter@1.3.6:
    resolution: {integrity: sha512-/CKsZYmAwXeNh8KpD/CF9hcJDZNhdb2ICN8+qgqOt5sUu9liZIxZ1R284TNj5MtPt8RjG5X0xn6WSqL0kcKMBg==}
    dev: false

  /picocolors@1.0.0:
    resolution: {integrity: sha512-1fygroTLlHu66zi26VoTDv8yRgm0Fccecssto+MhsZ0D/DGW2sm8E8AjW7NU5VVTRt5GxbeZ5qBuJr+HyLYkjQ==}
    dev: true

  /picomatch@2.3.1:
    resolution: {integrity: sha512-JU3teHTNjmE2VCGFzuY8EXzCDVwEqB2a8fsIvwaStHhAWJEeVd1o1QD80CU6+ZdEXXSLbSsuLwJjkCBWqRQUVA==}
    engines: {node: '>=8.6'}
    dev: true

  /postcss@8.4.27:
    resolution: {integrity: sha512-gY/ACJtJPSmUFPDCHtX78+01fHa64FaU4zaaWfuh1MhGJISufJAH4cun6k/8fwsHYeK4UQmENQK+tRLCFJE8JQ==}
    engines: {node: ^10 || ^12 || >=14}
    dependencies:
      nanoid: 3.3.6
      picocolors: 1.0.0
      source-map-js: 1.0.2
    dev: true

  /proxy-from-env@1.1.0:
    resolution: {integrity: sha512-D+zkORCbA9f1tdWRK0RaCR3GPv50cMxcrz4X8k5LTSUD1Dkw47mKJEZQNunItRTkWwgtaUSo1RVFRIG9ZXiFYg==}
    dev: false

  /qs@6.11.2:
    resolution: {integrity: sha512-tDNIz22aBzCDxLtVH++VnTfzxlfeK5CbqohpSqpJgj1Wg/cQbStNAz3NuqCs5vV+pjBsK4x4pN9HlVh7rcYRiA==}
    engines: {node: '>=0.6'}
    dependencies:
      side-channel: 1.0.4
    dev: false

  /qs@6.9.7:
    resolution: {integrity: sha512-IhMFgUmuNpyRfxA90umL7ByLlgRXu6tIfKPpF5TmcfRLlLCckfP/g3IQmju6jjpu+Hh8rA+2p6A27ZSPOOHdKw==}
    engines: {node: '>=0.6'}
    dev: false

  /readdirp@3.6.0:
    resolution: {integrity: sha512-hOS089on8RduqdbhvQ5Z37A0ESjsqz6qnRcffsMU3495FuTdqSm+7bhJ29JvIOsBDEEnan5DPu9t3To9VRlMzA==}
    engines: {node: '>=8.10.0'}
    dependencies:
      picomatch: 2.3.1
    dev: true

  /rollup@3.26.3:
    resolution: {integrity: sha512-7Tin0C8l86TkpcMtXvQu6saWH93nhG3dGQ1/+l5V2TDMceTxO7kDiK6GzbfLWNNxqJXm591PcEZUozZm51ogwQ==}
    engines: {node: '>=14.18.0', npm: '>=8.0.0'}
    hasBin: true
    optionalDependencies:
      fsevents: 2.3.2
    dev: true

  /safevalues@0.4.3:
    resolution: {integrity: sha512-pNCNTkx3xs7G5YJ/9CoeZZVUSPRjH0SEPM0QI5Z1FZRlLBviTFWlNKPs8PTvZvERV0gO7ie/t/Zc0S96JS4Xew==}
    dev: false

  /sass@1.64.1:
    resolution: {integrity: sha512-16rRACSOFEE8VN7SCgBu1MpYCyN7urj9At898tyzdXFhC+a+yOX5dXwAR7L8/IdPJ1NB8OYoXmD55DM30B2kEQ==}
    engines: {node: '>=14.0.0'}
    hasBin: true
    dependencies:
      chokidar: 3.5.3
      immutable: 4.3.1
      source-map-js: 1.0.2
    dev: true

  /side-channel@1.0.4:
    resolution: {integrity: sha512-q5XPytqFEIKHkGdiMIrY10mvLRvnQh42/+GoBlFW3b2LXLE2xxJpZFdm94we0BaoV3RwJyGqg5wS7epxTv0Zvw==}
    dependencies:
      call-bind: 1.0.2
      get-intrinsic: 1.2.1
      object-inspect: 1.12.3
    dev: false

  /source-map-js@1.0.2:
    resolution: {integrity: sha512-R0XvVJ9WusLiqTCEiGCmICCMplcCkIwwR11mOSD9CR5u+IXYdiseeEuXCVAjS54zqwkLcPNnmU4OeJ6tUrWhDw==}
    engines: {node: '>=0.10.0'}
    dev: true

  /stackframe@1.3.4:
    resolution: {integrity: sha512-oeVtt7eWQS+Na6F//S4kJ2K2VbRlS9D43mAlMyVpVWovy9o+jfgH8O9agzANzaiLjclA0oYzUXEM4PurhSUChw==}
    dev: false

  /to-regex-range@5.0.1:
    resolution: {integrity: sha512-65P7iz6X5yEr1cwcgvQxbbIw7Uk3gOy5dIdtZ4rDveLqhrdJP+Li/Hx6tyK0NEb+2GCyneCMJiGqrADCSNk8sQ==}
    engines: {node: '>=8.0'}
    dependencies:
      is-number: 7.0.0
    dev: true

  /ts-pattern@5.0.4:
    resolution: {integrity: sha512-D5iVliqugv2C9541W2CNXFYNEZxr4TiHuLPuf49tKEdQFp/8y8fR0v1RExUvXkiWozKCwE7zv07C6EKxf0lKuQ==}
    dev: false

  /tslib@2.6.0:
    resolution: {integrity: sha512-7At1WUettjcSRHXCyYtTselblcHl9PJFFVKiCAy/bY97+BPZXSQ2wbq0P9s8tK2G7dFQfNnlJnPAiArVBVBsfA==}
    dev: false

  /type-fest@4.0.0:
    resolution: {integrity: sha512-d/oYtUnPM9zar2fqqGLYPzgcY0qUlYK0evgNVti93xpzfjGkMgZHu9Lvgrkn0rqGXTgsFRxFamzjGoD9Uo+dgw==}
    engines: {node: '>=16'}
    dev: false

  /typescript-cookie@1.0.6:
    resolution: {integrity: sha512-s+BZr7/9BUG6Kg7jGGcOY/4XJcP+iZRFdF3q4FPTfRSP83ivLWF94OcH8PrzGmnS8Ab9qP7ENu/ikLwNFsIafA==}
    engines: {node: '>=14'}
    dev: false

  /typescript@5.1.6:
    resolution: {integrity: sha512-zaWCozRZ6DLEWAWFrVDz1H6FVXzUSfTy5FUMWsQlU8Ym5JP9eO4xkTIROFCQvhQf61z6O/G6ugw3SgAnvvm+HA==}
    engines: {node: '>=14.17'}
    hasBin: true
    dev: true

  /vite-plugin-full-reload@1.0.5(vite@4.4.6):
    resolution: {integrity: sha512-kVZFDFWr0DxiHn6MuDVTQf7gnWIdETGlZh0hvTiMXzRN80vgF4PKbONSq8U1d0WtHsKaFODTQgJeakLacoPZEQ==}
    peerDependencies:
      vite: ^2 || ^3 || ^4
    dependencies:
      picocolors: 1.0.0
      picomatch: 2.3.1
      vite: 4.4.6(sass@1.64.1)
    dev: true

  /vite@4.4.6(sass@1.64.1):
    resolution: {integrity: sha512-EY6Mm8vJ++S3D4tNAckaZfw3JwG3wa794Vt70M6cNJ6NxT87yhq7EC8Rcap3ahyHdo8AhCmV9PTk+vG1HiYn1A==}
    engines: {node: ^14.18.0 || >=16.0.0}
    hasBin: true
    peerDependencies:
      '@types/node': '>= 14'
      less: '*'
      lightningcss: ^1.21.0
      sass: '*'
      stylus: '*'
      sugarss: '*'
      terser: ^5.4.0
    peerDependenciesMeta:
      '@types/node':
        optional: true
      less:
        optional: true
      lightningcss:
        optional: true
      sass:
        optional: true
      stylus:
        optional: true
      sugarss:
        optional: true
      terser:
        optional: true
    dependencies:
      esbuild: 0.18.15
      postcss: 8.4.27
      rollup: 3.26.3
      sass: 1.64.1
    optionalDependencies:
      fsevents: 2.3.2
    dev: true

  /wrappy@1.0.2:
    resolution: {integrity: sha512-l4Sp/DRseor9wL6EvV2+TuQn63dMkPjZ/sp9XkghTEbV9KlPS1xUsZ3u7/IQO4wxtcFB4bgpQPRcR3QCvezPcQ==}
    dev: false

  /ziggy-js@1.6.0:
    resolution: {integrity: sha512-gOGZ3I/m7olVPtQli4Qw6uVBaDd9zUwlS1c6DmXXsApw/CLQqOD/i9gTIVyRsqf9u0g8daX4tPGsx/9lgFgxFg==}
    dependencies:
      qs: 6.9.7
    dev: false
